{
    "_readme": [
        "This file locks the dependencies of your project to a known state",
        "Read more about it at http://getcomposer.org/doc/01-basic-usage.md#composer-lock-the-lock-file"
    ],
    "hash": "5aaa93c334fa12cf91ddbbb9a77269b0",
    "packages": [
        {
            "name": "crodas/class-info",
            "version": "v0.1.7",
            "source": {
                "type": "git",
                "url": "https://github.com/crodas/ClassInfo.git",
                "reference": "2cc4cfa379667ec9f26b420c2f315c8d876b2ad3"
            },
            "dist": {
                "type": "zip",
                "url": "https://api.github.com/repos/crodas/ClassInfo/zipball/2cc4cfa379667ec9f26b420c2f315c8d876b2ad3",
                "reference": "2cc4cfa379667ec9f26b420c2f315c8d876b2ad3",
                "shasum": ""
            },
            "type": "library",
            "autoload": {
                "psr-0": {
                    "crodas": "lib/"
                }
            },
            "notification-url": "https://packagist.org/downloads/",
            "license": [
                "BSD-4-Clause"
            ],
            "authors": [
                {
                    "name": "César D. Rodas",
                    "email": "crodas@php.net"
                }
            ],
            "description": "Get classes and functions defined in a given file",
            "time": "2013-12-27 00:37:05"
        },
        {
            "name": "crodas/cli",
            "version": "v0.1.0",
            "source": {
                "type": "git",
                "url": "https://github.com/crodas/cli.git",
                "reference": "e1b426e280b94c82664cc5d1e97491b8ba2be926"
            },
            "dist": {
                "type": "zip",
                "url": "https://api.github.com/repos/crodas/cli/zipball/e1b426e280b94c82664cc5d1e97491b8ba2be926",
                "reference": "e1b426e280b94c82664cc5d1e97491b8ba2be926",
                "shasum": ""
            },
            "require": {
                "crodas/notoj": "*",
                "symfony/console": "*"
            },
            "type": "library",
            "autoload": {
                "psr-0": {
                    "crodas": "lib/"
                }
            },
            "notification-url": "https://packagist.org/downloads/",
            "license": [
                "BSD-4-Clause"
            ],
            "authors": [
                {
                    "name": "César D. Rodas",
                    "email": "crodas@php.net"
                }
            ],
            "description": "Simple and silly abstraction on top of symfony/console",
            "time": "2013-11-16 03:53:28"
        },
        {
            "name": "crodas/notoj",
            "version": "dev-master",
            "source": {
                "type": "git",
                "url": "https://github.com/crodas/Notoj.git",
                "reference": "363ff5964ab3919c195bde0c726975afa97f5340"
            },
            "dist": {
                "type": "zip",
                "url": "https://api.github.com/repos/crodas/Notoj/zipball/363ff5964ab3919c195bde0c726975afa97f5340",
                "reference": "363ff5964ab3919c195bde0c726975afa97f5340",
                "shasum": ""
            },
            "require": {
                "crodas/class-info": "~0.1",
                "php": ">=5.3.0"
            },
            "type": "library",
            "autoload": {
                "psr-0": {
                    "Notoj": "lib/"
                }
            },
            "notification-url": "https://packagist.org/downloads/",
            "license": [
                "BSD-4-Clause"
            ],
            "authors": [
                {
                    "name": "César D. Rodas",
                    "email": "crodas@php.net"
                }
            ],
            "description": "Annotation parser. Uses reflection and provides cache out of the box.",
            "time": "2013-12-29 06:21:02"
        },
        {
            "name": "crodas/path",
            "version": "v0.1.5",
            "source": {
                "type": "git",
                "url": "https://github.com/crodas/Path.git",
                "reference": "15ef24c4b2b81d8e5148406012af0a633126b3d5"
            },
            "dist": {
                "type": "zip",
                "url": "https://api.github.com/repos/crodas/Path/zipball/15ef24c4b2b81d8e5148406012af0a633126b3d5",
                "reference": "15ef24c4b2b81d8e5148406012af0a633126b3d5",
                "shasum": ""
            },
            "type": "library",
            "autoload": {
                "psr-0": {
                    "crodas": "lib/"
                }
            },
            "notification-url": "https://packagist.org/downloads/",
            "license": [
                "BSD-4-Clause"
            ],
            "authors": [
                {
                    "name": "César D. Rodas",
                    "email": "crodas@php.net"
                }
            ],
            "description": "Library to manipulate paths",
            "time": "2013-10-23 16:48:11"
        },
        {
            "name": "crodas/simple-view-engine",
            "version": "v0.1.11",
            "source": {
                "type": "git",
                "url": "https://github.com/crodas/SimpleView.git",
                "reference": "c68dcccc2e39039b202fe1a8c3c996ee2844391e"
            },
            "dist": {
                "type": "zip",
                "url": "https://api.github.com/repos/crodas/SimpleView/zipball/c68dcccc2e39039b202fe1a8c3c996ee2844391e",
                "reference": "c68dcccc2e39039b202fe1a8c3c996ee2844391e",
                "shasum": ""
            },
            "require": {
                "crodas/watch-files": "*",
                "symfony/console": "*",
                "symfony/finder": "*"
            },
            "type": "library",
            "autoload": {
                "classmap": [
                    "lib/"
                ]
            },
            "notification-url": "https://packagist.org/downloads/",
            "license": [
                "BSD-4-Clause"
            ],
            "authors": [
                {
                    "name": "César D. Rodas",
                    "email": "crodas@php.net"
                }
            ],
            "description": "Simple View engine designed to generate code. Based on Laravel's 4 Blade.",
            "time": "2013-11-01 05:18:28"
        },
        {
            "name": "crodas/watch-files",
            "version": "v0.1.4",
            "source": {
                "type": "git",
                "url": "https://github.com/crodas/WatchFiles.git",
                "reference": "b045dc0ea74791e815c2f7a0b114474131865892"
            },
            "dist": {
                "type": "zip",
                "url": "https://api.github.com/repos/crodas/WatchFiles/zipball/b045dc0ea74791e815c2f7a0b114474131865892",
                "reference": "b045dc0ea74791e815c2f7a0b114474131865892",
                "shasum": ""
            },
            "require": {
                "crodas/path": "*"
            },
            "type": "library",
            "autoload": {
                "psr-0": {
                    "WatchFiles": "lib/"
                }
            },
            "notification-url": "https://packagist.org/downloads/",
            "license": [
                "BSD-4-Clause"
            ],
            "authors": [
                {
                    "name": "César D. Rodas",
                    "email": "crodas@php.net"
                }
            ],
            "description": "Watch files and directories for changes",
            "time": "2013-11-02 05:36:42"
        },
        {
            "name": "symfony/console",
            "version": "dev-master",
            "target-dir": "Symfony/Component/Console",
            "source": {
                "type": "git",
                "url": "https://github.com/symfony/Console.git",
                "reference": "1a4a528bf808418a720a5c4b9db7c855ec0e4e00"
            },
            "dist": {
                "type": "zip",
                "url": "https://api.github.com/repos/symfony/Console/zipball/1a4a528bf808418a720a5c4b9db7c855ec0e4e00",
                "reference": "1a4a528bf808418a720a5c4b9db7c855ec0e4e00",
                "shasum": ""
            },
            "require": {
                "php": ">=5.3.3"
            },
            "require-dev": {
                "symfony/event-dispatcher": "~2.1"
            },
            "suggest": {
                "symfony/event-dispatcher": ""
            },
            "type": "library",
            "extra": {
                "branch-alias": {
                    "dev-master": "2.5-dev"
                }
            },
            "autoload": {
                "psr-0": {
                    "Symfony\\Component\\Console\\": ""
                }
            },
            "notification-url": "https://packagist.org/downloads/",
            "license": [
                "MIT"
            ],
            "authors": [
                {
                    "name": "Fabien Potencier",
                    "email": "fabien@symfony.com"
                },
                {
                    "name": "Symfony Community",
                    "homepage": "http://symfony.com/contributors"
                }
            ],
            "description": "Symfony Console Component",
            "homepage": "http://symfony.com",
            "time": "2013-12-28 21:40:48"
        },
        {
            "name": "symfony/finder",
            "version": "dev-master",
            "target-dir": "Symfony/Component/Finder",
            "source": {
                "type": "git",
                "url": "https://github.com/symfony/Finder.git",
                "reference": "da13e76b337421acdb739f5bb5af06c120212971"
            },
            "dist": {
                "type": "zip",
                "url": "https://api.github.com/repos/symfony/Finder/zipball/da13e76b337421acdb739f5bb5af06c120212971",
                "reference": "da13e76b337421acdb739f5bb5af06c120212971",
                "shasum": ""
            },
            "require": {
                "php": ">=5.3.3"
            },
            "type": "library",
            "extra": {
                "branch-alias": {
                    "dev-master": "2.5-dev"
                }
            },
            "autoload": {
                "psr-0": {
                    "Symfony\\Component\\Finder\\": ""
                }
            },
            "notification-url": "https://packagist.org/downloads/",
            "license": [
                "MIT"
            ],
            "authors": [
                {
                    "name": "Fabien Potencier",
                    "email": "fabien@symfony.com"
                },
                {
                    "name": "Symfony Community",
                    "homepage": "http://symfony.com/contributors"
                }
            ],
            "description": "Symfony Finder Component",
            "homepage": "http://symfony.com",
            "time": "2013-12-28 08:12:58"
        }
    ],
    "packages-dev": [

    ],
    "aliases": [

    ],
    "minimum-stability": "dev",
    "stability-flags": [

    ],
    "platform": [

    ],
    "platform-dev": [

    ]
}
